
Microsoft Visual Studio Solution File, Format Version 12.00
# Visual Studio Version 16
VisualStudioVersion = 16.0.31105.61
MinimumVisualStudioVersion = 10.0.40219.1
Project("{9A19103F-16F7-4668-BE54-9A1E7A4F7556}") = "DoctorsDatabase.Web", "DoctorsDatabase.Web\DoctorsDatabase.Web.csproj", "{E232364C-B386-43F6-8186-08BF1E298B72}"
EndProject
Project("{9A19103F-16F7-4668-BE54-9A1E7A4F7556}") = "DoctorsDatabase.Domain", "DoctorsDatabase.Domain\DoctorsDatabase.Domain.csproj", "{81594916-016A-49E5-9BE5-78E4CC5847F5}"
EndProject
Project("{9A19103F-16F7-4668-BE54-9A1E7A4F7556}") = "DoctorsDatabase.Infrastructure", "DoctorsDatabase.Infrastructure\DoctorsDatabase.Infrastructure.csproj", "{922098EA-95AB-491D-BB83-0DDB5424E0D7}"
EndProject
Project("{FAE04EC0-301F-11D3-BF4B-00C04F79EFBC}") = "TestProject", "TestProject\TestProject.csproj", "{BF2ADF2C-4BA6-4A67-9BEF-D9D81A0B954F}"
EndProject
Global
	GlobalSection(SolutionConfigurationPlatforms) = preSolution
		Debug|Any CPU = Debug|Any CPU
		Release|Any CPU = Release|Any CPU
	EndGlobalSection
	GlobalSection(ProjectConfigurationPlatforms) = postSolution
		{E232364C-B386-43F6-8186-08BF1E298B72}.Debug|Any CPU.ActiveCfg = Debug|Any CPU
		{E232364C-B386-43F6-8186-08BF1E298B72}.Debug|Any CPU.Build.0 = Debug|Any CPU
		{E232364C-B386-43F6-8186-08BF1E298B72}.Release|Any CPU.ActiveCfg = Release|Any CPU
		{E232364C-B386-43F6-8186-08BF1E298B72}.Release|Any CPU.Build.0 = Release|Any CPU
		{81594916-016A-49E5-9BE5-78E4CC5847F5}.Debug|Any CPU.ActiveCfg = Debug|Any CPU
		{81594916-016A-49E5-9BE5-78E4CC5847F5}.Debug|Any CPU.Build.0 = Debug|Any CPU
		{81594916-016A-49E5-9BE5-78E4CC5847F5}.Release|Any CPU.ActiveCfg = Release|Any CPU
		{81594916-016A-49E5-9BE5-78E4CC5847F5}.Release|Any CPU.Build.0 = Release|Any CPU
		{922098EA-95AB-491D-BB83-0DDB5424E0D7}.Debug|Any CPU.ActiveCfg = Debug|Any CPU
		{922098EA-95AB-491D-BB83-0DDB5424E0D7}.Debug|Any CPU.Build.0 = Debug|Any CPU
		{922098EA-95AB-491D-BB83-0DDB5424E0D7}.Release|Any CPU.ActiveCfg = Release|Any CPU
		{922098EA-95AB-491D-BB83-0DDB5424E0D7}.Release|Any CPU.Build.0 = Release|Any CPU
		{BF2ADF2C-4BA6-4A67-9BEF-D9D81A0B954F}.Debug|Any CPU.ActiveCfg = Debug|Any CPU
		{BF2ADF2C-4BA6-4A67-9BEF-D9D81A0B954F}.Debug|Any CPU.Build.0 = Debug|Any CPU
		{BF2ADF2C-4BA6-4A67-9BEF-D9D81A0B954F}.Release|Any CPU.ActiveCfg = Release|Any CPU
		{BF2ADF2C-4BA6-4A67-9BEF-D9D81A0B954F}.Release|Any CPU.Build.0 = Release|Any CPU
	EndGlobalSection
	GlobalSection(SolutionProperties) = preSolution
		HideSolutionNode = FALSE
	EndGlobalSection
	GlobalSection(ExtensibilityGlobals) = postSolution
		SolutionGuid = {5F20032F-7A2C-4141-9828-69261B9869EF}
	EndGlobalSection
EndGlobal
