
Microsoft Visual Studio Solution File, Format Version 12.00
# Visual Studio Version 16
VisualStudioVersion = 16.0.31205.134
MinimumVisualStudioVersion = 10.0.40219.1
Project("{FAE04EC0-301F-11D3-BF4B-00C04F79EFBC}") = "DoctorsClientApplication.Model", "DoctorsClientApplication.Model\DoctorsClientApplication.Model.csproj", "{0BE5E18A-7EDA-46F3-B090-88A55F9F4703}"
EndProject
Project("{FAE04EC0-301F-11D3-BF4B-00C04F79EFBC}") = "DoctorsClientApplication.Utilities", "DoctorsClientApplication.Utilities\DoctorsClientApplication.Utilities.csproj", "{46CD0E2E-2B1C-40C3-BF17-B85912A90799}"
EndProject
Project("{FAE04EC0-301F-11D3-BF4B-00C04F79EFBC}") = "DoctorsClientApplication.Controller", "DoctorsClientApplication.Controller\DoctorsClientApplication.Controller.csproj", "{C4C2F741-24A8-4EA5-8443-B724CE5915EC}"
EndProject
Project("{FAE04EC0-301F-11D3-BF4B-00C04F79EFBC}") = "DoctorsClientApplication", "DoctorsClientApplication\DoctorsClientApplication.csproj", "{3C8272FB-90B8-48DD-A5E8-7CB8F7DFE0E6}"
EndProject
Project("{FAE04EC0-301F-11D3-BF4B-00C04F79EFBC}") = "DoctorsClientApplication.Tests", "DoctorsClientApplicaion.Tests\DoctorsClientApplication.Tests.csproj", "{1EB8A357-D4A4-4333-92B2-E26794C7C7B5}"
EndProject
Global
	GlobalSection(SolutionConfigurationPlatforms) = preSolution
		Debug|Any CPU = Debug|Any CPU
		Debug|ARM = Debug|ARM
		Debug|ARM64 = Debug|ARM64
		Debug|x64 = Debug|x64
		Debug|x86 = Debug|x86
		Release|Any CPU = Release|Any CPU
		Release|ARM = Release|ARM
		Release|ARM64 = Release|ARM64
		Release|x64 = Release|x64
		Release|x86 = Release|x86
	EndGlobalSection
	GlobalSection(ProjectConfigurationPlatforms) = postSolution
		{0BE5E18A-7EDA-46F3-B090-88A55F9F4703}.Debug|Any CPU.ActiveCfg = Debug|Any CPU
		{0BE5E18A-7EDA-46F3-B090-88A55F9F4703}.Debug|Any CPU.Build.0 = Debug|Any CPU
		{0BE5E18A-7EDA-46F3-B090-88A55F9F4703}.Debug|ARM.ActiveCfg = Debug|ARM
		{0BE5E18A-7EDA-46F3-B090-88A55F9F4703}.Debug|ARM.Build.0 = Debug|ARM
		{0BE5E18A-7EDA-46F3-B090-88A55F9F4703}.Debug|ARM64.ActiveCfg = Debug|ARM64
		{0BE5E18A-7EDA-46F3-B090-88A55F9F4703}.Debug|ARM64.Build.0 = Debug|ARM64
		{0BE5E18A-7EDA-46F3-B090-88A55F9F4703}.Debug|x64.ActiveCfg = Debug|x64
		{0BE5E18A-7EDA-46F3-B090-88A55F9F4703}.Debug|x64.Build.0 = Debug|x64
		{0BE5E18A-7EDA-46F3-B090-88A55F9F4703}.Debug|x86.ActiveCfg = Debug|x86
		{0BE5E18A-7EDA-46F3-B090-88A55F9F4703}.Debug|x86.Build.0 = Debug|x86
		{0BE5E18A-7EDA-46F3-B090-88A55F9F4703}.Release|Any CPU.ActiveCfg = Release|Any CPU
		{0BE5E18A-7EDA-46F3-B090-88A55F9F4703}.Release|Any CPU.Build.0 = Release|Any CPU
		{0BE5E18A-7EDA-46F3-B090-88A55F9F4703}.Release|ARM.ActiveCfg = Release|ARM
		{0BE5E18A-7EDA-46F3-B090-88A55F9F4703}.Release|ARM.Build.0 = Release|ARM
		{0BE5E18A-7EDA-46F3-B090-88A55F9F4703}.Release|ARM64.ActiveCfg = Release|ARM64
		{0BE5E18A-7EDA-46F3-B090-88A55F9F4703}.Release|ARM64.Build.0 = Release|ARM64
		{0BE5E18A-7EDA-46F3-B090-88A55F9F4703}.Release|x64.ActiveCfg = Release|x64
		{0BE5E18A-7EDA-46F3-B090-88A55F9F4703}.Release|x64.Build.0 = Release|x64
		{0BE5E18A-7EDA-46F3-B090-88A55F9F4703}.Release|x86.ActiveCfg = Release|x86
		{0BE5E18A-7EDA-46F3-B090-88A55F9F4703}.Release|x86.Build.0 = Release|x86
		{46CD0E2E-2B1C-40C3-BF17-B85912A90799}.Debug|Any CPU.ActiveCfg = Debug|Any CPU
		{46CD0E2E-2B1C-40C3-BF17-B85912A90799}.Debug|Any CPU.Build.0 = Debug|Any CPU
		{46CD0E2E-2B1C-40C3-BF17-B85912A90799}.Debug|ARM.ActiveCfg = Debug|ARM
		{46CD0E2E-2B1C-40C3-BF17-B85912A90799}.Debug|ARM.Build.0 = Debug|ARM
		{46CD0E2E-2B1C-40C3-BF17-B85912A90799}.Debug|ARM64.ActiveCfg = Debug|ARM64
		{46CD0E2E-2B1C-40C3-BF17-B85912A90799}.Debug|ARM64.Build.0 = Debug|ARM64
		{46CD0E2E-2B1C-40C3-BF17-B85912A90799}.Debug|x64.ActiveCfg = Debug|x64
		{46CD0E2E-2B1C-40C3-BF17-B85912A90799}.Debug|x64.Build.0 = Debug|x64
		{46CD0E2E-2B1C-40C3-BF17-B85912A90799}.Debug|x86.ActiveCfg = Debug|x86
		{46CD0E2E-2B1C-40C3-BF17-B85912A90799}.Debug|x86.Build.0 = Debug|x86
		{46CD0E2E-2B1C-40C3-BF17-B85912A90799}.Release|Any CPU.ActiveCfg = Release|Any CPU
		{46CD0E2E-2B1C-40C3-BF17-B85912A90799}.Release|Any CPU.Build.0 = Release|Any CPU
		{46CD0E2E-2B1C-40C3-BF17-B85912A90799}.Release|ARM.ActiveCfg = Release|ARM
		{46CD0E2E-2B1C-40C3-BF17-B85912A90799}.Release|ARM.Build.0 = Release|ARM
		{46CD0E2E-2B1C-40C3-BF17-B85912A90799}.Release|ARM64.ActiveCfg = Release|ARM64
		{46CD0E2E-2B1C-40C3-BF17-B85912A90799}.Release|ARM64.Build.0 = Release|ARM64
		{46CD0E2E-2B1C-40C3-BF17-B85912A90799}.Release|x64.ActiveCfg = Release|x64
		{46CD0E2E-2B1C-40C3-BF17-B85912A90799}.Release|x64.Build.0 = Release|x64
		{46CD0E2E-2B1C-40C3-BF17-B85912A90799}.Release|x86.ActiveCfg = Release|x86
		{46CD0E2E-2B1C-40C3-BF17-B85912A90799}.Release|x86.Build.0 = Release|x86
		{C4C2F741-24A8-4EA5-8443-B724CE5915EC}.Debug|Any CPU.ActiveCfg = Debug|Any CPU
		{C4C2F741-24A8-4EA5-8443-B724CE5915EC}.Debug|Any CPU.Build.0 = Debug|Any CPU
		{C4C2F741-24A8-4EA5-8443-B724CE5915EC}.Debug|ARM.ActiveCfg = Debug|ARM
		{C4C2F741-24A8-4EA5-8443-B724CE5915EC}.Debug|ARM.Build.0 = Debug|ARM
		{C4C2F741-24A8-4EA5-8443-B724CE5915EC}.Debug|ARM64.ActiveCfg = Debug|ARM64
		{C4C2F741-24A8-4EA5-8443-B724CE5915EC}.Debug|ARM64.Build.0 = Debug|ARM64
		{C4C2F741-24A8-4EA5-8443-B724CE5915EC}.Debug|x64.ActiveCfg = Debug|x64
		{C4C2F741-24A8-4EA5-8443-B724CE5915EC}.Debug|x64.Build.0 = Debug|x64
		{C4C2F741-24A8-4EA5-8443-B724CE5915EC}.Debug|x86.ActiveCfg = Debug|x86
		{C4C2F741-24A8-4EA5-8443-B724CE5915EC}.Debug|x86.Build.0 = Debug|x86
		{C4C2F741-24A8-4EA5-8443-B724CE5915EC}.Release|Any CPU.ActiveCfg = Release|Any CPU
		{C4C2F741-24A8-4EA5-8443-B724CE5915EC}.Release|Any CPU.Build.0 = Release|Any CPU
		{C4C2F741-24A8-4EA5-8443-B724CE5915EC}.Release|ARM.ActiveCfg = Release|ARM
		{C4C2F741-24A8-4EA5-8443-B724CE5915EC}.Release|ARM.Build.0 = Release|ARM
		{C4C2F741-24A8-4EA5-8443-B724CE5915EC}.Release|ARM64.ActiveCfg = Release|ARM64
		{C4C2F741-24A8-4EA5-8443-B724CE5915EC}.Release|ARM64.Build.0 = Release|ARM64
		{C4C2F741-24A8-4EA5-8443-B724CE5915EC}.Release|x64.ActiveCfg = Release|x64
		{C4C2F741-24A8-4EA5-8443-B724CE5915EC}.Release|x64.Build.0 = Release|x64
		{C4C2F741-24A8-4EA5-8443-B724CE5915EC}.Release|x86.ActiveCfg = Release|x86
		{C4C2F741-24A8-4EA5-8443-B724CE5915EC}.Release|x86.Build.0 = Release|x86
		{3C8272FB-90B8-48DD-A5E8-7CB8F7DFE0E6}.Debug|Any CPU.ActiveCfg = Debug|x86
		{3C8272FB-90B8-48DD-A5E8-7CB8F7DFE0E6}.Debug|Any CPU.Build.0 = Debug|x86
		{3C8272FB-90B8-48DD-A5E8-7CB8F7DFE0E6}.Debug|Any CPU.Deploy.0 = Debug|x86
		{3C8272FB-90B8-48DD-A5E8-7CB8F7DFE0E6}.Debug|ARM.ActiveCfg = Debug|ARM
		{3C8272FB-90B8-48DD-A5E8-7CB8F7DFE0E6}.Debug|ARM.Build.0 = Debug|ARM
		{3C8272FB-90B8-48DD-A5E8-7CB8F7DFE0E6}.Debug|ARM.Deploy.0 = Debug|ARM
		{3C8272FB-90B8-48DD-A5E8-7CB8F7DFE0E6}.Debug|ARM64.ActiveCfg = Debug|ARM64
		{3C8272FB-90B8-48DD-A5E8-7CB8F7DFE0E6}.Debug|ARM64.Build.0 = Debug|ARM64
		{3C8272FB-90B8-48DD-A5E8-7CB8F7DFE0E6}.Debug|ARM64.Deploy.0 = Debug|ARM64
		{3C8272FB-90B8-48DD-A5E8-7CB8F7DFE0E6}.Debug|x64.ActiveCfg = Debug|x64
		{3C8272FB-90B8-48DD-A5E8-7CB8F7DFE0E6}.Debug|x64.Build.0 = Debug|x64
		{3C8272FB-90B8-48DD-A5E8-7CB8F7DFE0E6}.Debug|x64.Deploy.0 = Debug|x64
		{3C8272FB-90B8-48DD-A5E8-7CB8F7DFE0E6}.Debug|x86.ActiveCfg = Debug|x86
		{3C8272FB-90B8-48DD-A5E8-7CB8F7DFE0E6}.Debug|x86.Build.0 = Debug|x86
		{3C8272FB-90B8-48DD-A5E8-7CB8F7DFE0E6}.Debug|x86.Deploy.0 = Debug|x86
		{3C8272FB-90B8-48DD-A5E8-7CB8F7DFE0E6}.Release|Any CPU.ActiveCfg = Release|x86
		{3C8272FB-90B8-48DD-A5E8-7CB8F7DFE0E6}.Release|Any CPU.Build.0 = Release|x86
		{3C8272FB-90B8-48DD-A5E8-7CB8F7DFE0E6}.Release|Any CPU.Deploy.0 = Release|x86
		{3C8272FB-90B8-48DD-A5E8-7CB8F7DFE0E6}.Release|ARM.ActiveCfg = Release|ARM
		{3C8272FB-90B8-48DD-A5E8-7CB8F7DFE0E6}.Release|ARM.Build.0 = Release|ARM
		{3C8272FB-90B8-48DD-A5E8-7CB8F7DFE0E6}.Release|ARM.Deploy.0 = Release|ARM
		{3C8272FB-90B8-48DD-A5E8-7CB8F7DFE0E6}.Release|ARM64.ActiveCfg = Release|ARM64
		{3C8272FB-90B8-48DD-A5E8-7CB8F7DFE0E6}.Release|ARM64.Build.0 = Release|ARM64
		{3C8272FB-90B8-48DD-A5E8-7CB8F7DFE0E6}.Release|ARM64.Deploy.0 = Release|ARM64
		{3C8272FB-90B8-48DD-A5E8-7CB8F7DFE0E6}.Release|x64.ActiveCfg = Release|x64
		{3C8272FB-90B8-48DD-A5E8-7CB8F7DFE0E6}.Release|x64.Build.0 = Release|x64
		{3C8272FB-90B8-48DD-A5E8-7CB8F7DFE0E6}.Release|x64.Deploy.0 = Release|x64
		{3C8272FB-90B8-48DD-A5E8-7CB8F7DFE0E6}.Release|x86.ActiveCfg = Release|x86
		{3C8272FB-90B8-48DD-A5E8-7CB8F7DFE0E6}.Release|x86.Build.0 = Release|x86
		{3C8272FB-90B8-48DD-A5E8-7CB8F7DFE0E6}.Release|x86.Deploy.0 = Release|x86
		{1EB8A357-D4A4-4333-92B2-E26794C7C7B5}.Debug|Any CPU.ActiveCfg = Debug|x86
		{1EB8A357-D4A4-4333-92B2-E26794C7C7B5}.Debug|ARM.ActiveCfg = Debug|ARM
		{1EB8A357-D4A4-4333-92B2-E26794C7C7B5}.Debug|ARM.Build.0 = Debug|ARM
		{1EB8A357-D4A4-4333-92B2-E26794C7C7B5}.Debug|ARM.Deploy.0 = Debug|ARM
		{1EB8A357-D4A4-4333-92B2-E26794C7C7B5}.Debug|ARM64.ActiveCfg = Debug|ARM64
		{1EB8A357-D4A4-4333-92B2-E26794C7C7B5}.Debug|ARM64.Build.0 = Debug|ARM64
		{1EB8A357-D4A4-4333-92B2-E26794C7C7B5}.Debug|ARM64.Deploy.0 = Debug|ARM64
		{1EB8A357-D4A4-4333-92B2-E26794C7C7B5}.Debug|x64.ActiveCfg = Debug|x64
		{1EB8A357-D4A4-4333-92B2-E26794C7C7B5}.Debug|x64.Build.0 = Debug|x64
		{1EB8A357-D4A4-4333-92B2-E26794C7C7B5}.Debug|x64.Deploy.0 = Debug|x64
		{1EB8A357-D4A4-4333-92B2-E26794C7C7B5}.Debug|x86.ActiveCfg = Debug|x86
		{1EB8A357-D4A4-4333-92B2-E26794C7C7B5}.Debug|x86.Build.0 = Debug|x86
		{1EB8A357-D4A4-4333-92B2-E26794C7C7B5}.Debug|x86.Deploy.0 = Debug|x86
		{1EB8A357-D4A4-4333-92B2-E26794C7C7B5}.Release|Any CPU.ActiveCfg = Release|x86
		{1EB8A357-D4A4-4333-92B2-E26794C7C7B5}.Release|Any CPU.Build.0 = Release|x86
		{1EB8A357-D4A4-4333-92B2-E26794C7C7B5}.Release|Any CPU.Deploy.0 = Release|x86
		{1EB8A357-D4A4-4333-92B2-E26794C7C7B5}.Release|ARM.ActiveCfg = Release|ARM
		{1EB8A357-D4A4-4333-92B2-E26794C7C7B5}.Release|ARM.Build.0 = Release|ARM
		{1EB8A357-D4A4-4333-92B2-E26794C7C7B5}.Release|ARM.Deploy.0 = Release|ARM
		{1EB8A357-D4A4-4333-92B2-E26794C7C7B5}.Release|ARM64.ActiveCfg = Release|ARM64
		{1EB8A357-D4A4-4333-92B2-E26794C7C7B5}.Release|ARM64.Build.0 = Release|ARM64
		{1EB8A357-D4A4-4333-92B2-E26794C7C7B5}.Release|ARM64.Deploy.0 = Release|ARM64
		{1EB8A357-D4A4-4333-92B2-E26794C7C7B5}.Release|x64.ActiveCfg = Release|x64
		{1EB8A357-D4A4-4333-92B2-E26794C7C7B5}.Release|x64.Build.0 = Release|x64
		{1EB8A357-D4A4-4333-92B2-E26794C7C7B5}.Release|x64.Deploy.0 = Release|x64
		{1EB8A357-D4A4-4333-92B2-E26794C7C7B5}.Release|x86.ActiveCfg = Release|x86
		{1EB8A357-D4A4-4333-92B2-E26794C7C7B5}.Release|x86.Build.0 = Release|x86
		{1EB8A357-D4A4-4333-92B2-E26794C7C7B5}.Release|x86.Deploy.0 = Release|x86
	EndGlobalSection
	GlobalSection(SolutionProperties) = preSolution
		HideSolutionNode = FALSE
	EndGlobalSection
	GlobalSection(ExtensibilityGlobals) = postSolution
		SolutionGuid = {9F2C7EAC-8249-48D3-9786-BCB533C8AF24}
	EndGlobalSection
EndGlobal
